Microsoft Visual Studio Solution File, Format Version 12.00
# Visual Studio Version 17
VisualStudioVersion = 17.10.35013.160
MinimumVisualStudioVersion = 10.0.40219.1
Project("{2150E333-8FDC-42A3-9474-1A3956D46DE8}") = "Collections", "Collections", "{10DD4961-2902-4168-A790-C0FE3F6ADB77}"
EndProject
Project("{2150E333-8FDC-42A3-9474-1A3956D46DE8}") = "Desktop", "Desktop", "{4FC524DE-403C-48D0-8F1C-62C84285EAC1}"
EndProject
Project("{2150E333-8FDC-42A3-9474-1A3956D46DE8}") = "Sorting", "Sorting", "{3ECB422C-B03D-41D4-B832-8ECB78D77A13}"
EndProject
Project("{2150E333-8FDC-42A3-9474-1A3956D46DE8}") = "Tree", "Tree", "{FF665F2B-055F-4031-9DB8-F07606CB439E}"
EndProject
Project("{2150E333-8FDC-42A3-9474-1A3956D46DE8}") = "Web", "Web", "{1E0A687E-4D7D-4CE9-B5F7-8D69813FE782}"
EndProject
Project("{FAE04EC0-301F-11D3-BF4B-00C04F79EFBC}") = "ArrayListTask", "Collections\ArrayListTask\ArrayListTask.csproj", "{73A33929-67A8-4C6D-848A-688628C41752}"
EndProject
Project("{FAE04EC0-301F-11D3-BF4B-00C04F79EFBC}") = "HashTableTask", "Collections\HashTableTask\HashTableTask.csproj", "{36080DD1-5252-4521-95A9-B29847C32A88}"
EndProject
Project("{FAE04EC0-301F-11D3-BF4B-00C04F79EFBC}") = "ListTask", "Collections\ListTask\ListTask.csproj", "{19B4CD86-CDA1-4E74-8198-81254877AB2A}"
EndProject
Project("{FAE04EC0-301F-11D3-BF4B-00C04F79EFBC}") = "BlackAndWhiteL13(1)", "Desktop\BlackAndWhiteL13(1)\BlackAndWhiteL13(1).csproj", "{53977980-FB3A-4C02-800A-A15BA9AAEA3A}"
EndProject
Project("{2150E333-8FDC-42A3-9474-1A3956D46DE8}") = "MinesweeperTask", "MinesweeperTask", "{31DF116A-2EA4-4C46-B71C-FB9A8362DE25}"
EndProject
Project("{2150E333-8FDC-42A3-9474-1A3956D46DE8}") = "Minesweeper.Logic", "Minesweeper.Logic", "{05A63951-4452-4C9F-B95B-C734F0637F0A}"
EndProject
Project("{2150E333-8FDC-42A3-9474-1A3956D46DE8}") = "Minesweeper.Gui", "Minesweeper.Gui", "{4C343584-E533-46F4-BE4B-5AC4E849B8FA}"
EndProject
Project("{FAE04EC0-301F-11D3-BF4B-00C04F79EFBC}") = "Minesweeper.Gui", "Desktop\MinesweeperTask\Minesweeper.Gui\Minesweeper.Gui.csproj", "{050ACCEF-7E09-4986-93DC-D2DA8687F694}"
EndProject
Project("{FAE04EC0-301F-11D3-BF4B-00C04F79EFBC}") = "Minesweeper.Logic", "Desktop\MinesweeperTask\Minesweeper.Logic\Minesweeper.Logic.csproj", "{373A8360-A051-497A-81B2-B5F91E18A012}"
EndProject
Project("{FAE04EC0-301F-11D3-BF4B-00C04F79EFBC}") = "ArrayListHomeTask", "Desktop\ArrayListHomeTask\ArrayListHomeTask.csproj", "{8F2DEE21-41B1-4B7D-8B5E-09AFA5A210DF}"
EndProject
Project("{FAE04EC0-301F-11D3-BF4B-00C04F79EFBC}") = "SortingTask", "Sorting\SortingTask\SortingTask.csproj", "{CEB4FF9A-AD25-404C-858F-563F70C44285}"
EndProject
Project("{FAE04EC0-301F-11D3-BF4B-00C04F79EFBC}") = "GraphTask", "Tree\GraphTask\GraphTask.csproj", "{AABB0AB0-07EE-4DC4-81BA-640170F2A9F8}"
EndProject
Project("{FAE04EC0-301F-11D3-BF4B-00C04F79EFBC}") = "TreeTask", "Tree\TreeTask\TreeTask.csproj", "{2FDC6D7C-97EE-4A55-8740-398C906AE788}"
EndProject
Project("{FAE04EC0-301F-11D3-BF4B-00C04F79EFBC}") = "TodoList", "Web\DomTodoList\TodoList.csproj", "{E998D8C5-6BBB-4A02-AB31-F1ECF4A23745}"
EndProject
Project("{FAE04EC0-301F-11D3-BF4B-00C04F79EFBC}") = "jQueryPhoneBook", "Web\jQueryPhoneBook\jQueryPhoneBook.csproj", "{04F96DA6-E5F8-4DE6-8B93-AF52434C2C1A}"
EndProject
Project("{FAE04EC0-301F-11D3-BF4B-00C04F79EFBC}") = "VuePhoneBook", "Web\VuePhoneBook\VuePhoneBook.csproj", "{62EECDE5-48F7-4022-AA4A-DA8106AD5C1B}"
EndProject
Global
	GlobalSection(SolutionConfigurationPlatforms) = preSolution
		Debug|Any CPU = Debug|Any CPU
		Release|Any CPU = Release|Any CPU
	EndGlobalSection
	GlobalSection(ProjectConfigurationPlatforms) = postSolution
		{73A33929-67A8-4C6D-848A-688628C41752}.Debug|Any CPU.ActiveCfg = Debug|Any CPU
		{73A33929-67A8-4C6D-848A-688628C41752}.Debug|Any CPU.Build.0 = Debug|Any CPU
		{73A33929-67A8-4C6D-848A-688628C41752}.Release|Any CPU.ActiveCfg = Release|Any CPU
		{73A33929-67A8-4C6D-848A-688628C41752}.Release|Any CPU.Build.0 = Release|Any CPU
		{36080DD1-5252-4521-95A9-B29847C32A88}.Debug|Any CPU.ActiveCfg = Debug|Any CPU
		{36080DD1-5252-4521-95A9-B29847C32A88}.Debug|Any CPU.Build.0 = Debug|Any CPU
		{36080DD1-5252-4521-95A9-B29847C32A88}.Release|Any CPU.ActiveCfg = Release|Any CPU
		{36080DD1-5252-4521-95A9-B29847C32A88}.Release|Any CPU.Build.0 = Release|Any CPU
		{19B4CD86-CDA1-4E74-8198-81254877AB2A}.Debug|Any CPU.ActiveCfg = Debug|Any CPU
		{19B4CD86-CDA1-4E74-8198-81254877AB2A}.Debug|Any CPU.Build.0 = Debug|Any CPU
		{19B4CD86-CDA1-4E74-8198-81254877AB2A}.Release|Any CPU.ActiveCfg = Release|Any CPU
		{19B4CD86-CDA1-4E74-8198-81254877AB2A}.Release|Any CPU.Build.0 = Release|Any CPU
		{53977980-FB3A-4C02-800A-A15BA9AAEA3A}.Debug|Any CPU.ActiveCfg = Debug|Any CPU
		{53977980-FB3A-4C02-800A-A15BA9AAEA3A}.Debug|Any CPU.Build.0 = Debug|Any CPU
		{53977980-FB3A-4C02-800A-A15BA9AAEA3A}.Release|Any CPU.ActiveCfg = Release|Any CPU
		{53977980-FB3A-4C02-800A-A15BA9AAEA3A}.Release|Any CPU.Build.0 = Release|Any CPU
		{050ACCEF-7E09-4986-93DC-D2DA8687F694}.Debug|Any CPU.ActiveCfg = Debug|Any CPU
		{050ACCEF-7E09-4986-93DC-D2DA8687F694}.Debug|Any CPU.Build.0 = Debug|Any CPU
		{050ACCEF-7E09-4986-93DC-D2DA8687F694}.Release|Any CPU.ActiveCfg = Release|Any CPU
		{050ACCEF-7E09-4986-93DC-D2DA8687F694}.Release|Any CPU.Build.0 = Release|Any CPU
		{373A8360-A051-497A-81B2-B5F91E18A012}.Debug|Any CPU.ActiveCfg = Debug|Any CPU
		{373A8360-A051-497A-81B2-B5F91E18A012}.Debug|Any CPU.Build.0 = Debug|Any CPU
		{373A8360-A051-497A-81B2-B5F91E18A012}.Release|Any CPU.ActiveCfg = Release|Any CPU
		{373A8360-A051-497A-81B2-B5F91E18A012}.Release|Any CPU.Build.0 = Release|Any CPU
		{8F2DEE21-41B1-4B7D-8B5E-09AFA5A210DF}.Debug|Any CPU.ActiveCfg = Debug|Any CPU
		{8F2DEE21-41B1-4B7D-8B5E-09AFA5A210DF}.Debug|Any CPU.Build.0 = Debug|Any CPU
		{8F2DEE21-41B1-4B7D-8B5E-09AFA5A210DF}.Release|Any CPU.ActiveCfg = Release|Any CPU
		{8F2DEE21-41B1-4B7D-8B5E-09AFA5A210DF}.Release|Any CPU.Build.0 = Release|Any CPU
		{CEB4FF9A-AD25-404C-858F-563F70C44285}.Debug|Any CPU.ActiveCfg = Debug|Any CPU
		{CEB4FF9A-AD25-404C-858F-563F70C44285}.Debug|Any CPU.Build.0 = Debug|Any CPU
		{CEB4FF9A-AD25-404C-858F-563F70C44285}.Release|Any CPU.ActiveCfg = Release|Any CPU
		{CEB4FF9A-AD25-404C-858F-563F70C44285}.Release|Any CPU.Build.0 = Release|Any CPU
		{AABB0AB0-07EE-4DC4-81BA-640170F2A9F8}.Debug|Any CPU.ActiveCfg = Debug|Any CPU
		{AABB0AB0-07EE-4DC4-81BA-640170F2A9F8}.Debug|Any CPU.Build.0 = Debug|Any CPU
		{AABB0AB0-07EE-4DC4-81BA-640170F2A9F8}.Release|Any CPU.ActiveCfg = Release|Any CPU
		{AABB0AB0-07EE-4DC4-81BA-640170F2A9F8}.Release|Any CPU.Build.0 = Release|Any CPU
		{2FDC6D7C-97EE-4A55-8740-398C906AE788}.Debug|Any CPU.ActiveCfg = Debug|Any CPU
		{2FDC6D7C-97EE-4A55-8740-398C906AE788}.Debug|Any CPU.Build.0 = Debug|Any CPU
		{2FDC6D7C-97EE-4A55-8740-398C906AE788}.Release|Any CPU.ActiveCfg = Release|Any CPU
		{2FDC6D7C-97EE-4A55-8740-398C906AE788}.Release|Any CPU.Build.0 = Release|Any CPU
		{E998D8C5-6BBB-4A02-AB31-F1ECF4A23745}.Debug|Any CPU.ActiveCfg = Debug|Any CPU
		{E998D8C5-6BBB-4A02-AB31-F1ECF4A23745}.Debug|Any CPU.Build.0 = Debug|Any CPU
		{E998D8C5-6BBB-4A02-AB31-F1ECF4A23745}.Release|Any CPU.ActiveCfg = Release|Any CPU
		{E998D8C5-6BBB-4A02-AB31-F1ECF4A23745}.Release|Any CPU.Build.0 = Release|Any CPU
		{04F96DA6-E5F8-4DE6-8B93-AF52434C2C1A}.Debug|Any CPU.ActiveCfg = Debug|Any CPU
		{04F96DA6-E5F8-4DE6-8B93-AF52434C2C1A}.Debug|Any CPU.Build.0 = Debug|Any CPU
		{04F96DA6-E5F8-4DE6-8B93-AF52434C2C1A}.Release|Any CPU.ActiveCfg = Release|Any CPU
		{04F96DA6-E5F8-4DE6-8B93-AF52434C2C1A}.Release|Any CPU.Build.0 = Release|Any CPU
		{62EECDE5-48F7-4022-AA4A-DA8106AD5C1B}.Debug|Any CPU.ActiveCfg = Debug|Any CPU
		{62EECDE5-48F7-4022-AA4A-DA8106AD5C1B}.Debug|Any CPU.Build.0 = Debug|Any CPU
		{62EECDE5-48F7-4022-AA4A-DA8106AD5C1B}.Release|Any CPU.ActiveCfg = Release|Any CPU
		{62EECDE5-48F7-4022-AA4A-DA8106AD5C1B}.Release|Any CPU.Build.0 = Release|Any CPU
	EndGlobalSection
	GlobalSection(SolutionProperties) = preSolution
		HideSolutionNode = FALSE
	EndGlobalSection
	GlobalSection(NestedProjects) = preSolution
		{73A33929-67A8-4C6D-848A-688628C41752} = {10DD4961-2902-4168-A790-C0FE3F6ADB77}
		{36080DD1-5252-4521-95A9-B29847C32A88} = {10DD4961-2902-4168-A790-C0FE3F6ADB77}
		{19B4CD86-CDA1-4E74-8198-81254877AB2A} = {10DD4961-2902-4168-A790-C0FE3F6ADB77}
		{53977980-FB3A-4C02-800A-A15BA9AAEA3A} = {4FC524DE-403C-48D0-8F1C-62C84285EAC1}
		{31DF116A-2EA4-4C46-B71C-FB9A8362DE25} = {4FC524DE-403C-48D0-8F1C-62C84285EAC1}
		{05A63951-4452-4C9F-B95B-C734F0637F0A} = {31DF116A-2EA4-4C46-B71C-FB9A8362DE25}
		{4C343584-E533-46F4-BE4B-5AC4E849B8FA} = {31DF116A-2EA4-4C46-B71C-FB9A8362DE25}
		{050ACCEF-7E09-4986-93DC-D2DA8687F694} = {4C343584-E533-46F4-BE4B-5AC4E849B8FA}
		{373A8360-A051-497A-81B2-B5F91E18A012} = {05A63951-4452-4C9F-B95B-C734F0637F0A}
		{8F2DEE21-41B1-4B7D-8B5E-09AFA5A210DF} = {4FC524DE-403C-48D0-8F1C-62C84285EAC1}
		{CEB4FF9A-AD25-404C-858F-563F70C44285} = {3ECB422C-B03D-41D4-B832-8ECB78D77A13}
		{AABB0AB0-07EE-4DC4-81BA-640170F2A9F8} = {FF665F2B-055F-4031-9DB8-F07606CB439E}
		{2FDC6D7C-97EE-4A55-8740-398C906AE788} = {FF665F2B-055F-4031-9DB8-F07606CB439E}
		{E998D8C5-6BBB-4A02-AB31-F1ECF4A23745} = {1E0A687E-4D7D-4CE9-B5F7-8D69813FE782}
		{04F96DA6-E5F8-4DE6-8B93-AF52434C2C1A} = {1E0A687E-4D7D-4CE9-B5F7-8D69813FE782}
		{62EECDE5-48F7-4022-AA4A-DA8106AD5C1B} = {1E0A687E-4D7D-4CE9-B5F7-8D69813FE782}
	EndGlobalSection
	GlobalSection(ExtensibilityGlobals) = postSolution
		SolutionGuid = {3543266A-B5DC-4AD5-8ED2-4F344318C95D}
	EndGlobalSection
EndGlobal
