Microsoft Visual Studio Solution File, Format Version 12.00
# Visual Studio Version 17
VisualStudioVersion = 17.10.35013.160
MinimumVisualStudioVersion = 10.0.40219.1
Project("{9A19103F-16F7-4668-BE54-9A1E7A4F7556}") = "TemperatureTask", "TemperatureTask\TemperatureTask.csproj", "{0D8AF61D-FD42-4804-8C76-51203067F3BA}"
EndProject
Project("{2150E333-8FDC-42A3-9474-1A3956D46DE8}") = "MinesweeperTask", "MinesweeperTask", "{DA07480C-81D4-44A3-9C1D-790F88DE38E0}"
EndProject
Project("{9A19103F-16F7-4668-BE54-9A1E7A4F7556}") = "Minesweeper.Gui", "MinesweeperTask\Minesweeper.Gui\Minesweeper.Gui.csproj", "{C39CEA92-357C-446C-AEA2-AE38B8DD6C53}"
EndProject
Project("{9A19103F-16F7-4668-BE54-9A1E7A4F7556}") = "Minesweeper.Logic", "MinesweeperTask\MInesweeper.Logic\Minesweeper.Logic.csproj", "{3E091CB2-C9F2-4C20-9E0D-54CDC4ECD6D9}"
EndProject
Project("{2150E333-8FDC-42A3-9474-1A3956D46DE8}") = "Desctop", "Desctop", "{4553671E-F950-4ABB-9D35-EEE14415FB46}"
EndProject
Project("{2150E333-8FDC-42A3-9474-1A3956D46DE8}") = "Collections", "Collections", "{9348D195-6889-46E8-83FF-075CD1D61F5A}"
EndProject
Project("{9A19103F-16F7-4668-BE54-9A1E7A4F7556}") = "ArrayListTask", "ArrayListTask\ArrayListTask.csproj", "{C3764C15-6050-42FC-878D-7CC24039CD4D}"
EndProject
Project("{9A19103F-16F7-4668-BE54-9A1E7A4F7556}") = "HashTableTask", "HashTableTask\HashTableTask.csproj", "{8A2D328C-EC4F-498E-83B0-585F81317C55}"
EndProject
Project("{9A19103F-16F7-4668-BE54-9A1E7A4F7556}") = "ListTask", "ListTask\ListTask.csproj", "{4C5AF7BD-4181-4D92-BA1C-25B4340767D3}"
EndProject
Project("{2150E333-8FDC-42A3-9474-1A3956D46DE8}") = "Tree", "Tree", "{DD9DC3BB-8C2C-4153-A327-E785C07325BB}"
EndProject
Project("{2150E333-8FDC-42A3-9474-1A3956D46DE8}") = "Matrix", "Matrix", "{53D337B1-8AB2-4AE0-8A2A-20FDA30742AB}"
EndProject
Project("{9A19103F-16F7-4668-BE54-9A1E7A4F7556}") = "MatrixTask", "MatrixTask\MatrixTask.csproj", "{F4A92B6F-26BE-430A-9B60-108D342F4A75}"
EndProject
Project("{9A19103F-16F7-4668-BE54-9A1E7A4F7556}") = "VectorTask", "VectorTask\VectorTask.csproj", "{FA59650A-6D49-4870-A1DD-3AE9C90C01FC}"
EndProject
Project("{9A19103F-16F7-4668-BE54-9A1E7A4F7556}") = "TreeTask", "TreeTask\TreeTask.csproj", "{70B9CA0C-D17E-4542-9078-47F86519E4A2}"
EndProject
Project("{9A19103F-16F7-4668-BE54-9A1E7A4F7556}") = "GraphTask", "GraphTask\GraphTask.csproj", "{106E6178-60E9-4783-8B2A-FED0A1C7757A}"
EndProject
Project("{2150E333-8FDC-42A3-9474-1A3956D46DE8}") = "Csv", "Csv", "{76A8F6BC-09DD-4B35-91B2-4D1ABC8EB815}"
EndProject
Project("{9A19103F-16F7-4668-BE54-9A1E7A4F7556}") = "CsvTask", "CsvTask\CsvTask.csproj", "{3363F053-A95C-440C-A683-1F3517747829}"
EndProject
Project("{2150E333-8FDC-42A3-9474-1A3956D46DE8}") = "Blur", "Blur", "{52B01190-B695-47CE-803C-4D5D7B65B2A2}"
EndProject
Project("{9A19103F-16F7-4668-BE54-9A1E7A4F7556}") = "BlurL13", "BlurL13\BlurL13\BlurL13.csproj", "{43FE7E94-A54A-4F67-8AF3-72570C6247BB}"
EndProject
Project("{2150E333-8FDC-42A3-9474-1A3956D46DE8}") = "Sorting", "Sorting", "{DD777A16-777F-4654-B176-418059D6AEBA}"
EndProject
Project("{9A19103F-16F7-4668-BE54-9A1E7A4F7556}") = "BubbleSorting", "BubbleSorting\BubbleSorting\BubbleSorting.csproj", "{4B31D297-76CF-4297-AC74-CB35433711C3}"
EndProject
Project("{9A19103F-16F7-4668-BE54-9A1E7A4F7556}") = "SelectionSortingL11", "ChoiceSortingL11\ChoiceSortingL11\SelectionSortingL11.csproj", "{4896F8B2-788D-4F7F-9A6C-745656FDCC9C}"
EndProject
Project("{9A19103F-16F7-4668-BE54-9A1E7A4F7556}") = "FastSortingL11", "FastSortingL11\FastSortingL11\FastSortingL11.csproj", "{950E393D-8430-4683-B3F9-EF542BB06354}"
EndProject
Project("{9A19103F-16F7-4668-BE54-9A1E7A4F7556}") = "PyramideSortingL11", "PyromideSortingL11\PyromideSortingL11\PyramideSortingL11.csproj", "{2EED64D4-FAE4-4860-910D-4BA528AC08F8}"
EndProject
Global
	GlobalSection(SolutionConfigurationPlatforms) = preSolution
		Debug|Any CPU = Debug|Any CPU
		Release|Any CPU = Release|Any CPU
	EndGlobalSection
	GlobalSection(ProjectConfigurationPlatforms) = postSolution
		{0D8AF61D-FD42-4804-8C76-51203067F3BA}.Debug|Any CPU.ActiveCfg = Debug|Any CPU
		{0D8AF61D-FD42-4804-8C76-51203067F3BA}.Debug|Any CPU.Build.0 = Debug|Any CPU
		{0D8AF61D-FD42-4804-8C76-51203067F3BA}.Release|Any CPU.ActiveCfg = Release|Any CPU
		{0D8AF61D-FD42-4804-8C76-51203067F3BA}.Release|Any CPU.Build.0 = Release|Any CPU
		{C39CEA92-357C-446C-AEA2-AE38B8DD6C53}.Debug|Any CPU.ActiveCfg = Debug|Any CPU
		{C39CEA92-357C-446C-AEA2-AE38B8DD6C53}.Debug|Any CPU.Build.0 = Debug|Any CPU
		{C39CEA92-357C-446C-AEA2-AE38B8DD6C53}.Release|Any CPU.ActiveCfg = Release|Any CPU
		{C39CEA92-357C-446C-AEA2-AE38B8DD6C53}.Release|Any CPU.Build.0 = Release|Any CPU
		{3E091CB2-C9F2-4C20-9E0D-54CDC4ECD6D9}.Debug|Any CPU.ActiveCfg = Debug|Any CPU
		{3E091CB2-C9F2-4C20-9E0D-54CDC4ECD6D9}.Debug|Any CPU.Build.0 = Debug|Any CPU
		{3E091CB2-C9F2-4C20-9E0D-54CDC4ECD6D9}.Release|Any CPU.ActiveCfg = Release|Any CPU
		{3E091CB2-C9F2-4C20-9E0D-54CDC4ECD6D9}.Release|Any CPU.Build.0 = Release|Any CPU
		{C3764C15-6050-42FC-878D-7CC24039CD4D}.Debug|Any CPU.ActiveCfg = Debug|Any CPU
		{C3764C15-6050-42FC-878D-7CC24039CD4D}.Debug|Any CPU.Build.0 = Debug|Any CPU
		{C3764C15-6050-42FC-878D-7CC24039CD4D}.Release|Any CPU.ActiveCfg = Release|Any CPU
		{C3764C15-6050-42FC-878D-7CC24039CD4D}.Release|Any CPU.Build.0 = Release|Any CPU
		{8A2D328C-EC4F-498E-83B0-585F81317C55}.Debug|Any CPU.ActiveCfg = Debug|Any CPU
		{8A2D328C-EC4F-498E-83B0-585F81317C55}.Debug|Any CPU.Build.0 = Debug|Any CPU
		{8A2D328C-EC4F-498E-83B0-585F81317C55}.Release|Any CPU.ActiveCfg = Release|Any CPU
		{8A2D328C-EC4F-498E-83B0-585F81317C55}.Release|Any CPU.Build.0 = Release|Any CPU
		{4C5AF7BD-4181-4D92-BA1C-25B4340767D3}.Debug|Any CPU.ActiveCfg = Debug|Any CPU
		{4C5AF7BD-4181-4D92-BA1C-25B4340767D3}.Debug|Any CPU.Build.0 = Debug|Any CPU
		{4C5AF7BD-4181-4D92-BA1C-25B4340767D3}.Release|Any CPU.ActiveCfg = Release|Any CPU
		{4C5AF7BD-4181-4D92-BA1C-25B4340767D3}.Release|Any CPU.Build.0 = Release|Any CPU
		{F4A92B6F-26BE-430A-9B60-108D342F4A75}.Debug|Any CPU.ActiveCfg = Debug|Any CPU
		{F4A92B6F-26BE-430A-9B60-108D342F4A75}.Debug|Any CPU.Build.0 = Debug|Any CPU
		{F4A92B6F-26BE-430A-9B60-108D342F4A75}.Release|Any CPU.ActiveCfg = Release|Any CPU
		{F4A92B6F-26BE-430A-9B60-108D342F4A75}.Release|Any CPU.Build.0 = Release|Any CPU
		{FA59650A-6D49-4870-A1DD-3AE9C90C01FC}.Debug|Any CPU.ActiveCfg = Debug|Any CPU
		{FA59650A-6D49-4870-A1DD-3AE9C90C01FC}.Debug|Any CPU.Build.0 = Debug|Any CPU
		{FA59650A-6D49-4870-A1DD-3AE9C90C01FC}.Release|Any CPU.ActiveCfg = Release|Any CPU
		{FA59650A-6D49-4870-A1DD-3AE9C90C01FC}.Release|Any CPU.Build.0 = Release|Any CPU
		{70B9CA0C-D17E-4542-9078-47F86519E4A2}.Debug|Any CPU.ActiveCfg = Debug|Any CPU
		{70B9CA0C-D17E-4542-9078-47F86519E4A2}.Debug|Any CPU.Build.0 = Debug|Any CPU
		{70B9CA0C-D17E-4542-9078-47F86519E4A2}.Release|Any CPU.ActiveCfg = Release|Any CPU
		{70B9CA0C-D17E-4542-9078-47F86519E4A2}.Release|Any CPU.Build.0 = Release|Any CPU
		{106E6178-60E9-4783-8B2A-FED0A1C7757A}.Debug|Any CPU.ActiveCfg = Debug|Any CPU
		{106E6178-60E9-4783-8B2A-FED0A1C7757A}.Debug|Any CPU.Build.0 = Debug|Any CPU
		{106E6178-60E9-4783-8B2A-FED0A1C7757A}.Release|Any CPU.ActiveCfg = Release|Any CPU
		{106E6178-60E9-4783-8B2A-FED0A1C7757A}.Release|Any CPU.Build.0 = Release|Any CPU
		{3363F053-A95C-440C-A683-1F3517747829}.Debug|Any CPU.ActiveCfg = Debug|Any CPU
		{3363F053-A95C-440C-A683-1F3517747829}.Debug|Any CPU.Build.0 = Debug|Any CPU
		{3363F053-A95C-440C-A683-1F3517747829}.Release|Any CPU.ActiveCfg = Release|Any CPU
		{3363F053-A95C-440C-A683-1F3517747829}.Release|Any CPU.Build.0 = Release|Any CPU
		{43FE7E94-A54A-4F67-8AF3-72570C6247BB}.Debug|Any CPU.ActiveCfg = Debug|Any CPU
		{43FE7E94-A54A-4F67-8AF3-72570C6247BB}.Debug|Any CPU.Build.0 = Debug|Any CPU
		{43FE7E94-A54A-4F67-8AF3-72570C6247BB}.Release|Any CPU.ActiveCfg = Release|Any CPU
		{43FE7E94-A54A-4F67-8AF3-72570C6247BB}.Release|Any CPU.Build.0 = Release|Any CPU
		{4B31D297-76CF-4297-AC74-CB35433711C3}.Debug|Any CPU.ActiveCfg = Debug|Any CPU
		{4B31D297-76CF-4297-AC74-CB35433711C3}.Debug|Any CPU.Build.0 = Debug|Any CPU
		{4B31D297-76CF-4297-AC74-CB35433711C3}.Release|Any CPU.ActiveCfg = Release|Any CPU
		{4B31D297-76CF-4297-AC74-CB35433711C3}.Release|Any CPU.Build.0 = Release|Any CPU
		{4896F8B2-788D-4F7F-9A6C-745656FDCC9C}.Debug|Any CPU.ActiveCfg = Debug|Any CPU
		{4896F8B2-788D-4F7F-9A6C-745656FDCC9C}.Debug|Any CPU.Build.0 = Debug|Any CPU
		{4896F8B2-788D-4F7F-9A6C-745656FDCC9C}.Release|Any CPU.ActiveCfg = Release|Any CPU
		{4896F8B2-788D-4F7F-9A6C-745656FDCC9C}.Release|Any CPU.Build.0 = Release|Any CPU
		{950E393D-8430-4683-B3F9-EF542BB06354}.Debug|Any CPU.ActiveCfg = Debug|Any CPU
		{950E393D-8430-4683-B3F9-EF542BB06354}.Debug|Any CPU.Build.0 = Debug|Any CPU
		{950E393D-8430-4683-B3F9-EF542BB06354}.Release|Any CPU.ActiveCfg = Release|Any CPU
		{950E393D-8430-4683-B3F9-EF542BB06354}.Release|Any CPU.Build.0 = Release|Any CPU
		{2EED64D4-FAE4-4860-910D-4BA528AC08F8}.Debug|Any CPU.ActiveCfg = Debug|Any CPU
		{2EED64D4-FAE4-4860-910D-4BA528AC08F8}.Debug|Any CPU.Build.0 = Debug|Any CPU
		{2EED64D4-FAE4-4860-910D-4BA528AC08F8}.Release|Any CPU.ActiveCfg = Release|Any CPU
		{2EED64D4-FAE4-4860-910D-4BA528AC08F8}.Release|Any CPU.Build.0 = Release|Any CPU
	EndGlobalSection
	GlobalSection(SolutionProperties) = preSolution
		HideSolutionNode = FALSE
	EndGlobalSection
	GlobalSection(NestedProjects) = preSolution
		{0D8AF61D-FD42-4804-8C76-51203067F3BA} = {4553671E-F950-4ABB-9D35-EEE14415FB46}
		{DA07480C-81D4-44A3-9C1D-790F88DE38E0} = {4553671E-F950-4ABB-9D35-EEE14415FB46}
		{C39CEA92-357C-446C-AEA2-AE38B8DD6C53} = {DA07480C-81D4-44A3-9C1D-790F88DE38E0}
		{3E091CB2-C9F2-4C20-9E0D-54CDC4ECD6D9} = {DA07480C-81D4-44A3-9C1D-790F88DE38E0}
		{C3764C15-6050-42FC-878D-7CC24039CD4D} = {9348D195-6889-46E8-83FF-075CD1D61F5A}
		{8A2D328C-EC4F-498E-83B0-585F81317C55} = {9348D195-6889-46E8-83FF-075CD1D61F5A}
		{4C5AF7BD-4181-4D92-BA1C-25B4340767D3} = {9348D195-6889-46E8-83FF-075CD1D61F5A}
		{F4A92B6F-26BE-430A-9B60-108D342F4A75} = {53D337B1-8AB2-4AE0-8A2A-20FDA30742AB}
		{FA59650A-6D49-4870-A1DD-3AE9C90C01FC} = {53D337B1-8AB2-4AE0-8A2A-20FDA30742AB}
		{70B9CA0C-D17E-4542-9078-47F86519E4A2} = {DD9DC3BB-8C2C-4153-A327-E785C07325BB}
		{106E6178-60E9-4783-8B2A-FED0A1C7757A} = {DD9DC3BB-8C2C-4153-A327-E785C07325BB}
		{3363F053-A95C-440C-A683-1F3517747829} = {76A8F6BC-09DD-4B35-91B2-4D1ABC8EB815}
		{43FE7E94-A54A-4F67-8AF3-72570C6247BB} = {52B01190-B695-47CE-803C-4D5D7B65B2A2}
		{4B31D297-76CF-4297-AC74-CB35433711C3} = {DD777A16-777F-4654-B176-418059D6AEBA}
		{4896F8B2-788D-4F7F-9A6C-745656FDCC9C} = {DD777A16-777F-4654-B176-418059D6AEBA}
		{950E393D-8430-4683-B3F9-EF542BB06354} = {DD777A16-777F-4654-B176-418059D6AEBA}
		{2EED64D4-FAE4-4860-910D-4BA528AC08F8} = {DD777A16-777F-4654-B176-418059D6AEBA}
	EndGlobalSection
	GlobalSection(ExtensibilityGlobals) = postSolution
		SolutionGuid = {3543266A-B5DC-4AD5-8ED2-4F344318C95D}
	EndGlobalSection
EndGlobal
